
Microsoft Visual Studio Solution File, Format Version 12.00
# Visual Studio Version 16
VisualStudioVersion = 16.0.30503.244
MinimumVisualStudioVersion = 10.0.40219.1
Project("{FAE04EC0-301F-11D3-BF4B-00C04F79EFBC}") = "WFA_Coktail_Management", "WFA_Coktail_Management.csproj", "{F6370B6B-AA1D-4BD1-8148-E4180A786203}"
EndProject
Global
	GlobalSection(SolutionConfigurationPlatforms) = preSolution
		Debug|Any CPU = Debug|Any CPU
		Release|Any CPU = Release|Any CPU
	EndGlobalSection
	GlobalSection(ProjectConfigurationPlatforms) = postSolution
		{F6370B6B-AA1D-4BD1-8148-E4180A786203}.Debug|Any CPU.ActiveCfg = Debug|Any CPU
		{F6370B6B-AA1D-4BD1-8148-E4180A786203}.Debug|Any CPU.Build.0 = Debug|Any CPU
		{F6370B6B-AA1D-4BD1-8148-E4180A786203}.Release|Any CPU.ActiveCfg = Release|Any CPU
		{F6370B6B-AA1D-4BD1-8148-E4180A786203}.Release|Any CPU.Build.0 = Release|Any CPU
	EndGlobalSection
	GlobalSection(SolutionProperties) = preSolution
		HideSolutionNode = FALSE
	EndGlobalSection
	GlobalSection(ExtensibilityGlobals) = postSolution
		SolutionGuid = {F7022A66-B1CD-498B-B6FD-18A712615DBC}
	EndGlobalSection
EndGlobal
